
Microsoft Visual Studio Solution File, Format Version 12.00
# Visual Studio 2015
Project("{FAE04EC0-301F-11D3-BF4B-00C04F79EFBC}") = "Oculus Rift.CSharp", "Oculus Rift.CSharp.csproj", "{C42A9ECB-AB25-4483-55AB-EF63EE9917E9}"
EndProject
Project("{FAE04EC0-301F-11D3-BF4B-00C04F79EFBC}") = "Oculus Rift.CSharp.Editor", "Oculus Rift.CSharp.Editor.csproj", "{95715014-50EA-FA45-8EE3-7680D4F065D7}"
EndProject
Global
	GlobalSection(SolutionConfigurationPlatforms) = preSolution
		Debug|Any CPU = Debug|Any CPU
		Release|Any CPU = Release|Any CPU
	EndGlobalSection
	GlobalSection(ProjectConfigurationPlatforms) = postSolution
		{C42A9ECB-AB25-4483-55AB-EF63EE9917E9}.Debug|Any CPU.ActiveCfg = Debug|Any CPU
		{C42A9ECB-AB25-4483-55AB-EF63EE9917E9}.Debug|Any CPU.Build.0 = Debug|Any CPU
		{C42A9ECB-AB25-4483-55AB-EF63EE9917E9}.Release|Any CPU.ActiveCfg = Release|Any CPU
		{C42A9ECB-AB25-4483-55AB-EF63EE9917E9}.Release|Any CPU.Build.0 = Release|Any CPU
		{95715014-50EA-FA45-8EE3-7680D4F065D7}.Debug|Any CPU.ActiveCfg = Debug|Any CPU
		{95715014-50EA-FA45-8EE3-7680D4F065D7}.Debug|Any CPU.Build.0 = Debug|Any CPU
		{95715014-50EA-FA45-8EE3-7680D4F065D7}.Release|Any CPU.ActiveCfg = Release|Any CPU
		{95715014-50EA-FA45-8EE3-7680D4F065D7}.Release|Any CPU.Build.0 = Release|Any CPU
	EndGlobalSection
	GlobalSection(SolutionProperties) = preSolution
		HideSolutionNode = FALSE
	EndGlobalSection
EndGlobal
